// !$*UTF8*$!
{
	archiveVersion = 1;
	classes = {
	};
	objectVersion = 46;
	objects = {

/* Begin PBXBuildFile section */
		655AEFDE1C8E090000B12261 /* MonzoAPI.h in Headers */ = {isa = PBXBuildFile; fileRef = 655AEFDD1C8E090000B12261 /* MonzoAPI.h */; settings = {ATTRIBUTES = (Public, ); }; };
		655AEFE51C8E090000B12261 /* MonzoAPI.framework in Frameworks */ = {isa = PBXBuildFile; fileRef = 655AEFDA1C8E090000B12261 /* MonzoAPI.framework */; };
		655AEFF51C8E090E00B12261 /* Client.swift in Sources */ = {isa = PBXBuildFile; fileRef = 655AEFF41C8E090E00B12261 /* Client.swift */; };
		655AEFF71C8E091300B12261 /* Endpoint.swift in Sources */ = {isa = PBXBuildFile; fileRef = 655AEFF61C8E091300B12261 /* Endpoint.swift */; };
		655AEFF91C8E0C6600B12261 /* Network.swift in Sources */ = {isa = PBXBuildFile; fileRef = 655AEFF81C8E0C6600B12261 /* Network.swift */; };
		655AEFFB1C8E0F2100B12261 /* NetworkTests.swift in Sources */ = {isa = PBXBuildFile; fileRef = 655AEFFA1C8E0F2100B12261 /* NetworkTests.swift */; };
		655AEFFD1C8E0F2900B12261 /* EndpointTests.swift in Sources */ = {isa = PBXBuildFile; fileRef = 655AEFFC1C8E0F2900B12261 /* EndpointTests.swift */; };
		655AEFFF1C8E0F2E00B12261 /* ClientTests.swift in Sources */ = {isa = PBXBuildFile; fileRef = 655AEFFE1C8E0F2E00B12261 /* ClientTests.swift */; };
		65956DCE1C8E299100360EB2 /* Errors.swift in Sources */ = {isa = PBXBuildFile; fileRef = 65956DCD1C8E299100360EB2 /* Errors.swift */; };
		65956DD01C8E30FC00360EB2 /* Method.swift in Sources */ = {isa = PBXBuildFile; fileRef = 65956DCF1C8E30FC00360EB2 /* Method.swift */; };
		65956DD21C8E337F00360EB2 /* ParameterEncoder.swift in Sources */ = {isa = PBXBuildFile; fileRef = 65956DD11C8E337F00360EB2 /* ParameterEncoder.swift */; };
		65956DD61C8E3A7200360EB2 /* MonzoEndpoints.swift in Sources */ = {isa = PBXBuildFile; fileRef = 65956DD51C8E3A7200360EB2 /* MonzoEndpoints.swift */; };
		7AE6848FDF08B74087894C98 /* Pods_MonzoAPI.framework in Frameworks */ = {isa = PBXBuildFile; fileRef = 0BD52FE9230633DAA2DAC7D1 /* Pods_MonzoAPI.framework */; };
		7CC8DE12420BD56C1D4EFC2D /* Pods_MonzoAPITests.framework in Frameworks */ = {isa = PBXBuildFile; fileRef = 4380C0A9AC9083D4153D92B2 /* Pods_MonzoAPITests.framework */; };
/* End PBXBuildFile section */

/* Begin PBXContainerItemProxy section */
		655AEFE61C8E090000B12261 /* PBXContainerItemProxy */ = {
			isa = PBXContainerItemProxy;
			containerPortal = 655AEFD11C8E090000B12261 /* Project object */;
			proxyType = 1;
			remoteGlobalIDString = 655AEFD91C8E090000B12261;
			remoteInfo = MonzoAPI;
		};
/* End PBXContainerItemProxy section */

/* Begin PBXFileReference section */
		0BD52FE9230633DAA2DAC7D1 /* Pods_MonzoAPI.framework */ = {isa = PBXFileReference; explicitFileType = wrapper.framework; includeInIndex = 0; path = Pods_MonzoAPI.framework; sourceTree = BUILT_PRODUCTS_DIR; };
		0D92A1D7211709301DE4A9EA /* Pods-MonzoAPITests.debug.xcconfig */ = {isa = PBXFileReference; includeInIndex = 1; lastKnownFileType = text.xcconfig; name = "Pods-MonzoAPITests.debug.xcconfig"; path = "Pods/Target Support Files/Pods-MonzoAPITests/Pods-MonzoAPITests.debug.xcconfig"; sourceTree = "<group>"; };
		4380C0A9AC9083D4153D92B2 /* Pods_MonzoAPITests.framework */ = {isa = PBXFileReference; explicitFileType = wrapper.framework; includeInIndex = 0; path = Pods_MonzoAPITests.framework; sourceTree = BUILT_PRODUCTS_DIR; };
		5D105C53F4D78002E004F5D1 /* Pods-MonzoAPI.debug.xcconfig */ = {isa = PBXFileReference; includeInIndex = 1; lastKnownFileType = text.xcconfig; name = "Pods-MonzoAPI.debug.xcconfig"; path = "Pods/Target Support Files/Pods-MonzoAPI/Pods-MonzoAPI.debug.xcconfig"; sourceTree = "<group>"; };
		655AEFDA1C8E090000B12261 /* MonzoAPI.framework */ = {isa = PBXFileReference; explicitFileType = wrapper.framework; includeInIndex = 0; path = MonzoAPI.framework; sourceTree = BUILT_PRODUCTS_DIR; };
		655AEFDD1C8E090000B12261 /* MonzoAPI.h */ = {isa = PBXFileReference; lastKnownFileType = sourcecode.c.h; path = MonzoAPI.h; sourceTree = "<group>"; };
		655AEFDF1C8E090000B12261 /* Info.plist */ = {isa = PBXFileReference; lastKnownFileType = text.plist.xml; path = Info.plist; sourceTree = "<group>"; };
		655AEFE41C8E090000B12261 /* MonzoAPITests.xctest */ = {isa = PBXFileReference; explicitFileType = wrapper.cfbundle; includeInIndex = 0; path = MonzoAPITests.xctest; sourceTree = BUILT_PRODUCTS_DIR; };
		655AEFEB1C8E090000B12261 /* Info.plist */ = {isa = PBXFileReference; lastKnownFileType = text.plist.xml; path = Info.plist; sourceTree = "<group>"; };
		655AEFF41C8E090E00B12261 /* Client.swift */ = {isa = PBXFileReference; fileEncoding = 4; lastKnownFileType = sourcecode.swift; path = Client.swift; sourceTree = "<group>"; };
		655AEFF61C8E091300B12261 /* Endpoint.swift */ = {isa = PBXFileReference; fileEncoding = 4; lastKnownFileType = sourcecode.swift; path = Endpoint.swift; sourceTree = "<group>"; };
		655AEFF81C8E0C6600B12261 /* Network.swift */ = {isa = PBXFileReference; fileEncoding = 4; lastKnownFileType = sourcecode.swift; path = Network.swift; sourceTree = "<group>"; };
		655AEFFA1C8E0F2100B12261 /* NetworkTests.swift */ = {isa = PBXFileReference; fileEncoding = 4; lastKnownFileType = sourcecode.swift; path = NetworkTests.swift; sourceTree = "<group>"; };
		655AEFFC1C8E0F2900B12261 /* EndpointTests.swift */ = {isa = PBXFileReference; fileEncoding = 4; lastKnownFileType = sourcecode.swift; path = EndpointTests.swift; sourceTree = "<group>"; };
		655AEFFE1C8E0F2E00B12261 /* ClientTests.swift */ = {isa = PBXFileReference; fileEncoding = 4; lastKnownFileType = sourcecode.swift; path = ClientTests.swift; sourceTree = "<group>"; };
		65956DCD1C8E299100360EB2 /* Errors.swift */ = {isa = PBXFileReference; fileEncoding = 4; lastKnownFileType = sourcecode.swift; path = Errors.swift; sourceTree = "<group>"; };
		65956DCF1C8E30FC00360EB2 /* Method.swift */ = {isa = PBXFileReference; fileEncoding = 4; lastKnownFileType = sourcecode.swift; path = Method.swift; sourceTree = "<group>"; };
		65956DD11C8E337F00360EB2 /* ParameterEncoder.swift */ = {isa = PBXFileReference; fileEncoding = 4; lastKnownFileType = sourcecode.swift; path = ParameterEncoder.swift; sourceTree = "<group>"; };
		65956DD51C8E3A7200360EB2 /* MonzoEndpoints.swift */ = {isa = PBXFileReference; fileEncoding = 4; lastKnownFileType = sourcecode.swift; path = MonzoEndpoints.swift; sourceTree = "<group>"; };
		B289E6DF716505227DE1048B /* Pods-MonzoAPITests.release.xcconfig */ = {isa = PBXFileReference; includeInIndex = 1; lastKnownFileType = text.xcconfig; name = "Pods-MonzoAPITests.release.xcconfig"; path = "Pods/Target Support Files/Pods-MonzoAPITests/Pods-MonzoAPITests.release.xcconfig"; sourceTree = "<group>"; };
		EB785EB3B2F2D390D26FB288 /* Pods-MonzoAPI.release.xcconfig */ = {isa = PBXFileReference; includeInIndex = 1; lastKnownFileType = text.xcconfig; name = "Pods-MonzoAPI.release.xcconfig"; path = "Pods/Target Support Files/Pods-MonzoAPI/Pods-MonzoAPI.release.xcconfig"; sourceTree = "<group>"; };
/* End PBXFileReference section */

/* Begin PBXFrameworksBuildPhase section */
		655AEFD61C8E090000B12261 /* Frameworks */ = {
			isa = PBXFrameworksBuildPhase;
			buildActionMask = 2147483647;
			files = (
				7AE6848FDF08B74087894C98 /* Pods_MonzoAPI.framework in Frameworks */,
			);
			runOnlyForDeploymentPostprocessing = 0;
		};
		655AEFE11C8E090000B12261 /* Frameworks */ = {
			isa = PBXFrameworksBuildPhase;
			buildActionMask = 2147483647;
			files = (
				655AEFE51C8E090000B12261 /* MonzoAPI.framework in Frameworks */,
				7CC8DE12420BD56C1D4EFC2D /* Pods_MonzoAPITests.framework in Frameworks */,
			);
			runOnlyForDeploymentPostprocessing = 0;
		};
/* End PBXFrameworksBuildPhase section */

/* Begin PBXGroup section */
		5E0A1CD74FB327C1F5171C53 /* Frameworks */ = {
			isa = PBXGroup;
			children = (
				0BD52FE9230633DAA2DAC7D1 /* Pods_MonzoAPI.framework */,
				4380C0A9AC9083D4153D92B2 /* Pods_MonzoAPITests.framework */,
			);
			name = Frameworks;
			sourceTree = "<group>";
		};
		655AEFD01C8E090000B12261 = {
			isa = PBXGroup;
			children = (
				655AEFDC1C8E090000B12261 /* MonzoAPI */,
				655AEFE81C8E090000B12261 /* MonzoAPITests */,
				655AEFDB1C8E090000B12261 /* Products */,
				FEB01E2E7AC2A2E52441774A /* Pods */,
				5E0A1CD74FB327C1F5171C53 /* Frameworks */,
			);
			sourceTree = "<group>";
		};
		655AEFDB1C8E090000B12261 /* Products */ = {
			isa = PBXGroup;
			children = (
				655AEFDA1C8E090000B12261 /* MonzoAPI.framework */,
				655AEFE41C8E090000B12261 /* MonzoAPITests.xctest */,
			);
			name = Products;
			sourceTree = "<group>";
		};
		655AEFDC1C8E090000B12261 /* MonzoAPI */ = {
			isa = PBXGroup;
			children = (
				655AEFDD1C8E090000B12261 /* MonzoAPI.h */,
				655AEFF41C8E090E00B12261 /* Client.swift */,
				655AEFF81C8E0C6600B12261 /* Network.swift */,
				65956DCD1C8E299100360EB2 /* Errors.swift */,
				655AEFF61C8E091300B12261 /* Endpoint.swift */,
				65956DD51C8E3A7200360EB2 /* MonzoEndpoints.swift */,
				65956DD11C8E337F00360EB2 /* ParameterEncoder.swift */,
				65956DCF1C8E30FC00360EB2 /* Method.swift */,
				655AEFDF1C8E090000B12261 /* Info.plist */,
			);
			path = MonzoAPI;
			sourceTree = "<group>";
		};
		655AEFE81C8E090000B12261 /* MonzoAPITests */ = {
			isa = PBXGroup;
			children = (
				655AEFEB1C8E090000B12261 /* Info.plist */,
				655AEFFA1C8E0F2100B12261 /* NetworkTests.swift */,
				655AEFFC1C8E0F2900B12261 /* EndpointTests.swift */,
				655AEFFE1C8E0F2E00B12261 /* ClientTests.swift */,
			);
			path = MonzoAPITests;
			sourceTree = "<group>";
		};
		FEB01E2E7AC2A2E52441774A /* Pods */ = {
			isa = PBXGroup;
			children = (
				5D105C53F4D78002E004F5D1 /* Pods-MonzoAPI.debug.xcconfig */,
				EB785EB3B2F2D390D26FB288 /* Pods-MonzoAPI.release.xcconfig */,
				0D92A1D7211709301DE4A9EA /* Pods-MonzoAPITests.debug.xcconfig */,
				B289E6DF716505227DE1048B /* Pods-MonzoAPITests.release.xcconfig */,
			);
			name = Pods;
			sourceTree = "<group>";
		};
/* End PBXGroup section */

/* Begin PBXHeadersBuildPhase section */
		655AEFD71C8E090000B12261 /* Headers */ = {
			isa = PBXHeadersBuildPhase;
			buildActionMask = 2147483647;
			files = (
				655AEFDE1C8E090000B12261 /* MonzoAPI.h in Headers */,
			);
			runOnlyForDeploymentPostprocessing = 0;
		};
/* End PBXHeadersBuildPhase section */

/* Begin PBXNativeTarget section */
		655AEFD91C8E090000B12261 /* MonzoAPI */ = {
			isa = PBXNativeTarget;
			buildConfigurationList = 655AEFEE1C8E090000B12261 /* Build configuration list for PBXNativeTarget "MonzoAPI" */;
			buildPhases = (
				4551E0BBB72DB88172FD9E7B /* Check Pods Manifest.lock */,
				655AEFD51C8E090000B12261 /* Sources */,
				655AEFD61C8E090000B12261 /* Frameworks */,
				655AEFD71C8E090000B12261 /* Headers */,
				655AEFD81C8E090000B12261 /* Resources */,
				21DC5F451E5328FF86CCEB4C /* Copy Pods Resources */,
			);
			buildRules = (
			);
			dependencies = (
			);
			name = MonzoAPI;
			productName = MonzoAPI;
			productReference = 655AEFDA1C8E090000B12261 /* MonzoAPI.framework */;
			productType = "com.apple.product-type.framework";
		};
		655AEFE31C8E090000B12261 /* MonzoAPITests */ = {
			isa = PBXNativeTarget;
			buildConfigurationList = 655AEFF11C8E090000B12261 /* Build configuration list for PBXNativeTarget "MonzoAPITests" */;
			buildPhases = (
				832A40C597B3498508DABC4D /* Check Pods Manifest.lock */,
				655AEFE01C8E090000B12261 /* Sources */,
				655AEFE11C8E090000B12261 /* Frameworks */,
				655AEFE21C8E090000B12261 /* Resources */,
				583CF8CF723905BD39E3D30F /* Embed Pods Frameworks */,
				F9F670A7D80A3355E268261F /* Copy Pods Resources */,
			);
			buildRules = (
			);
			dependencies = (
				655AEFE71C8E090000B12261 /* PBXTargetDependency */,
			);
			name = MonzoAPITests;
			productName = MonzoAPITests;
			productReference = 655AEFE41C8E090000B12261 /* MonzoAPITests.xctest */;
			productType = "com.apple.product-type.bundle.unit-test";
		};
/* End PBXNativeTarget section */

/* Begin PBXProject section */
		655AEFD11C8E090000B12261 /* Project object */ = {
			isa = PBXProject;
			attributes = {
				LastSwiftUpdateCheck = 0730;
				LastUpgradeCheck = 0730;
				ORGANIZATIONNAME = "Rocket Apps";
				TargetAttributes = {
					655AEFD91C8E090000B12261 = {
						CreatedOnToolsVersion = 7.3;
					};
					655AEFE31C8E090000B12261 = {
						CreatedOnToolsVersion = 7.3;
					};
				};
			};
			buildConfigurationList = 655AEFD41C8E090000B12261 /* Build configuration list for PBXProject "MonzoAPI" */;
			compatibilityVersion = "Xcode 3.2";
			developmentRegion = English;
			hasScannedForEncodings = 0;
			knownRegions = (
				en,
			);
			mainGroup = 655AEFD01C8E090000B12261;
			productRefGroup = 655AEFDB1C8E090000B12261 /* Products */;
			projectDirPath = "";
			projectRoot = "";
			targets = (
				655AEFD91C8E090000B12261 /* MonzoAPI */,
				655AEFE31C8E090000B12261 /* MonzoAPITests */,
			);
		};
/* End PBXProject section */

/* Begin PBXResourcesBuildPhase section */
		655AEFD81C8E090000B12261 /* Resources */ = {
			isa = PBXResourcesBuildPhase;
			buildActionMask = 2147483647;
			files = (
			);
			runOnlyForDeploymentPostprocessing = 0;
		};
		655AEFE21C8E090000B12261 /* Resources */ = {
			isa = PBXResourcesBuildPhase;
			buildActionMask = 2147483647;
			files = (
			);
			runOnlyForDeploymentPostprocessing = 0;
		};
/* End PBXResourcesBuildPhase section */

/* Begin PBXShellScriptBuildPhase section */
		21DC5F451E5328FF86CCEB4C /* Copy Pods Resources */ = {
			isa = PBXShellScriptBuildPhase;
			buildActionMask = 2147483647;
			files = (
			);
			inputPaths = (
			);
			name = "Copy Pods Resources";
			outputPaths = (
			);
			runOnlyForDeploymentPostprocessing = 0;
			shellPath = /bin/sh;
			shellScript = "\"${SRCROOT}/Pods/Target Support Files/Pods-MonzoAPI/Pods-MonzoAPI-resources.sh\"\n";
			showEnvVarsInLog = 0;
		};
		4551E0BBB72DB88172FD9E7B /* Check Pods Manifest.lock */ = {
			isa = PBXShellScriptBuildPhase;
			buildActionMask = 2147483647;
			files = (
			);
			inputPaths = (
			);
			name = "Check Pods Manifest.lock";
			outputPaths = (
			);
			runOnlyForDeploymentPostprocessing = 0;
			shellPath = /bin/sh;
			shellScript = "diff \"${PODS_ROOT}/../Podfile.lock\" \"${PODS_ROOT}/Manifest.lock\" > /dev/null\nif [[ $? != 0 ]] ; then\n    cat << EOM\nerror: The sandbox is not in sync with the Podfile.lock. Run 'pod install' or update your CocoaPods installation.\nEOM\n    exit 1\nfi\n";
			showEnvVarsInLog = 0;
		};
		583CF8CF723905BD39E3D30F /* Embed Pods Frameworks */ = {
			isa = PBXShellScriptBuildPhase;
			buildActionMask = 2147483647;
			files = (
			);
			inputPaths = (
			);
			name = "Embed Pods Frameworks";
			outputPaths = (
			);
			runOnlyForDeploymentPostprocessing = 0;
			shellPath = /bin/sh;
			shellScript = "\"${SRCROOT}/Pods/Target Support Files/Pods-MonzoAPITests/Pods-MonzoAPITests-frameworks.sh\"\n";
			showEnvVarsInLog = 0;
		};
		832A40C597B3498508DABC4D /* Check Pods Manifest.lock */ = {
			isa = PBXShellScriptBuildPhase;
			buildActionMask = 2147483647;
			files = (
			);
			inputPaths = (
			);
			name = "Check Pods Manifest.lock";
			outputPaths = (
			);
			runOnlyForDeploymentPostprocessing = 0;
			shellPath = /bin/sh;
			shellScript = "diff \"${PODS_ROOT}/../Podfile.lock\" \"${PODS_ROOT}/Manifest.lock\" > /dev/null\nif [[ $? != 0 ]] ; then\n    cat << EOM\nerror: The sandbox is not in sync with the Podfile.lock. Run 'pod install' or update your CocoaPods installation.\nEOM\n    exit 1\nfi\n";
			showEnvVarsInLog = 0;
		};
		F9F670A7D80A3355E268261F /* Copy Pods Resources */ = {
			isa = PBXShellScriptBuildPhase;
			buildActionMask = 2147483647;
			files = (
			);
			inputPaths = (
			);
			name = "Copy Pods Resources";
			outputPaths = (
			);
			runOnlyForDeploymentPostprocessing = 0;
			shellPath = /bin/sh;
			shellScript = "\"${SRCROOT}/Pods/Target Support Files/Pods-MonzoAPITests/Pods-MonzoAPITests-resources.sh\"\n";
			showEnvVarsInLog = 0;
		};
/* End PBXShellScriptBuildPhase section */

/* Begin PBXSourcesBuildPhase section */
		655AEFD51C8E090000B12261 /* Sources */ = {
			isa = PBXSourcesBuildPhase;
			buildActionMask = 2147483647;
			files = (
				65956DD61C8E3A7200360EB2 /* MonzoEndpoints.swift in Sources */,
				655AEFF71C8E091300B12261 /* Endpoint.swift in Sources */,
				65956DCE1C8E299100360EB2 /* Errors.swift in Sources */,
				65956DD01C8E30FC00360EB2 /* Method.swift in Sources */,
				655AEFF51C8E090E00B12261 /* Client.swift in Sources */,
				65956DD21C8E337F00360EB2 /* ParameterEncoder.swift in Sources */,
				655AEFF91C8E0C6600B12261 /* Network.swift in Sources */,
			);
			runOnlyForDeploymentPostprocessing = 0;
		};
		655AEFE01C8E090000B12261 /* Sources */ = {
			isa = PBXSourcesBuildPhase;
			buildActionMask = 2147483647;
			files = (
				655AEFFD1C8E0F2900B12261 /* EndpointTests.swift in Sources */,
				655AEFFF1C8E0F2E00B12261 /* ClientTests.swift in Sources */,
				655AEFFB1C8E0F2100B12261 /* NetworkTests.swift in Sources */,
			);
			runOnlyForDeploymentPostprocessing = 0;
		};
/* End PBXSourcesBuildPhase section */

/* Begin PBXTargetDependency section */
		655AEFE71C8E090000B12261 /* PBXTargetDependency */ = {
			isa = PBXTargetDependency;
			target = 655AEFD91C8E090000B12261 /* MonzoAPI */;
			targetProxy = 655AEFE61C8E090000B12261 /* PBXContainerItemProxy */;
		};
/* End PBXTargetDependency section */

/* Begin XCBuildConfiguration section */
		655AEFEC1C8E090000B12261 /* Debug */ = {
			isa = XCBuildConfiguration;
			buildSettings = {
				ALWAYS_SEARCH_USER_PATHS = NO;
				CLANG_CXX_LANGUAGE_STANDARD = "gnu++0x";
				CLANG_CXX_LIBRARY = "libc++";
				CLANG_ENABLE_MODULES = YES;
				CLANG_ENABLE_OBJC_ARC = YES;
				CLANG_WARN_BOOL_CONVERSION = YES;
				CLANG_WARN_CONSTANT_CONVERSION = YES;
				CLANG_WARN_DIRECT_OBJC_ISA_USAGE = YES_ERROR;
				CLANG_WARN_EMPTY_BODY = YES;
				CLANG_WARN_ENUM_CONVERSION = YES;
				CLANG_WARN_INT_CONVERSION = YES;
				CLANG_WARN_OBJC_ROOT_CLASS = YES_ERROR;
				CLANG_WARN_UNREACHABLE_CODE = YES;
				CLANG_WARN__DUPLICATE_METHOD_MATCH = YES;
				CODE_SIGN_IDENTITY = "-";
				COPY_PHASE_STRIP = NO;
				CURRENT_PROJECT_VERSION = 1;
				DEBUG_INFORMATION_FORMAT = dwarf;
				ENABLE_STRICT_OBJC_MSGSEND = YES;
				ENABLE_TESTABILITY = YES;
				GCC_C_LANGUAGE_STANDARD = gnu99;
				GCC_DYNAMIC_NO_PIC = NO;
				GCC_NO_COMMON_BLOCKS = YES;
				GCC_OPTIMIZATION_LEVEL = 0;
				GCC_PREPROCESSOR_DEFINITIONS = (
					"DEBUG=1",
					"$(inherited)",
				);
				GCC_WARN_64_TO_32_BIT_CONVERSION = YES;
				GCC_WARN_ABOUT_RETURN_TYPE = YES_ERROR;
				GCC_WARN_UNDECLARED_SELECTOR = YES;
				GCC_WARN_UNINITIALIZED_AUTOS = YES_AGGRESSIVE;
				GCC_WARN_UNUSED_FUNCTION = YES;
				GCC_WARN_UNUSED_VARIABLE = YES;
				MACOSX_DEPLOYMENT_TARGET = 10.11;
				MTL_ENABLE_DEBUG_INFO = YES;
				ONLY_ACTIVE_ARCH = YES;
				SDKROOT = macosx;
				SWIFT_OPTIMIZATION_LEVEL = "-Onone";
				VERSIONING_SYSTEM = "apple-generic";
				VERSION_INFO_PREFIX = "";
			};
			name = Debug;
		};
		655AEFED1C8E090000B12261 /* Release */ = {
			isa = XCBuildConfiguration;
			buildSettings = {
				ALWAYS_SEARCH_USER_PATHS = NO;
				CLANG_CXX_LANGUAGE_STANDARD = "gnu++0x";
				CLANG_CXX_LIBRARY = "libc++";
				CLANG_ENABLE_MODULES = YES;
				CLANG_ENABLE_OBJC_ARC = YES;
				CLANG_WARN_BOOL_CONVERSION = YES;
				CLANG_WARN_CONSTANT_CONVERSION = YES;
				CLANG_WARN_DIRECT_OBJC_ISA_USAGE = YES_ERROR;
				CLANG_WARN_EMPTY_BODY = YES;
				CLANG_WARN_ENUM_CONVERSION = YES;
				CLANG_WARN_INT_CONVERSION = YES;
				CLANG_WARN_OBJC_ROOT_CLASS = YES_ERROR;
				CLANG_WARN_UNREACHABLE_CODE = YES;
				CLANG_WARN__DUPLICATE_METHOD_MATCH = YES;
				CODE_SIGN_IDENTITY = "-";
				COPY_PHASE_STRIP = NO;
				CURRENT_PROJECT_VERSION = 1;
				DEBUG_INFORMATION_FORMAT = "dwarf-with-dsym";
				ENABLE_NS_ASSERTIONS = NO;
				ENABLE_STRICT_OBJC_MSGSEND = YES;
				GCC_C_LANGUAGE_STANDARD = gnu99;
				GCC_NO_COMMON_BLOCKS = YES;
				GCC_WARN_64_TO_32_BIT_CONVERSION = YES;
				GCC_WARN_ABOUT_RETURN_TYPE = YES_ERROR;
				GCC_WARN_UNDECLARED_SELECTOR = YES;
				GCC_WARN_UNINITIALIZED_AUTOS = YES_AGGRESSIVE;
				GCC_WARN_UNUSED_FUNCTION = YES;
				GCC_WARN_UNUSED_VARIABLE = YES;
				MACOSX_DEPLOYMENT_TARGET = 10.11;
				MTL_ENABLE_DEBUG_INFO = NO;
				SDKROOT = macosx;
				VERSIONING_SYSTEM = "apple-generic";
				VERSION_INFO_PREFIX = "";
			};
			name = Release;
		};
		655AEFEF1C8E090000B12261 /* Debug */ = {
			isa = XCBuildConfiguration;
			baseConfigurationReference = 5D105C53F4D78002E004F5D1 /* Pods-MonzoAPI.debug.xcconfig */;
			buildSettings = {
				CLANG_ENABLE_MODULES = YES;
				COMBINE_HIDPI_IMAGES = YES;
				DEFINES_MODULE = YES;
				DYLIB_COMPATIBILITY_VERSION = 1;
				DYLIB_CURRENT_VERSION = 1;
				DYLIB_INSTALL_NAME_BASE = "@rpath";
				FRAMEWORK_VERSION = A;
				INFOPLIST_FILE = MonzoAPI/Info.plist;
				INSTALL_PATH = "$(LOCAL_LIBRARY_DIR)/Frameworks";
				LD_RUNPATH_SEARCH_PATHS = "$(inherited) @executable_path/../Frameworks @loader_path/Frameworks";
				PRODUCT_BUNDLE_IDENTIFIER = co.rocketapps.MonzoAPI;
				PRODUCT_NAME = "$(TARGET_NAME)";
				SKIP_INSTALL = YES;
				SWIFT_OPTIMIZATION_LEVEL = "-Onone";
			};
			name = Debug;
		};
		655AEFF01C8E090000B12261 /* Release */ = {
			isa = XCBuildConfiguration;
			baseConfigurationReference = EB785EB3B2F2D390D26FB288 /* Pods-MonzoAPI.release.xcconfig */;
			buildSettings = {
				CLANG_ENABLE_MODULES = YES;
				COMBINE_HIDPI_IMAGES = YES;
				DEFINES_MODULE = YES;
				DYLIB_COMPATIBILITY_VERSION = 1;
				DYLIB_CURRENT_VERSION = 1;
				DYLIB_INSTALL_NAME_BASE = "@rpath";
				FRAMEWORK_VERSION = A;
				INFOPLIST_FILE = MonzoAPI/Info.plist;
				INSTALL_PATH = "$(LOCAL_LIBRARY_DIR)/Frameworks";
				LD_RUNPATH_SEARCH_PATHS = "$(inherited) @executable_path/../Frameworks @loader_path/Frameworks";
				PRODUCT_BUNDLE_IDENTIFIER = co.rocketapps.MonzoAPI;
				PRODUCT_NAME = "$(TARGET_NAME)";
				SKIP_INSTALL = YES;
			};
			name = Release;
		};
		655AEFF21C8E090000B12261 /* Debug */ = {
			isa = XCBuildConfiguration;
			baseConfigurationReference = 0D92A1D7211709301DE4A9EA /* Pods-MonzoAPITests.debug.xcconfig */;
			buildSettings = {
				CLANG_ENABLE_MODULES = YES;
				COMBINE_HIDPI_IMAGES = YES;
				INFOPLIST_FILE = MonzoAPITests/Info.plist;
				LD_RUNPATH_SEARCH_PATHS = "$(inherited) @executable_path/../Frameworks @loader_path/../Frameworks";
				PRODUCT_BUNDLE_IDENTIFIER = co.rocketapps.MonzoAPITests;
				PRODUCT_NAME = "$(TARGET_NAME)";
				SWIFT_OPTIMIZATION_LEVEL = "-Onone";
			};
			name = Debug;
		};
		655AEFF31C8E090000B12261 /* Release */ = {
			isa = XCBuildConfiguration;
			baseConfigurationReference = B289E6DF716505227DE1048B /* Pods-MonzoAPITests.release.xcconfig */;
			buildSettings = {
				CLANG_ENABLE_MODULES = YES;
				COMBINE_HIDPI_IMAGES = YES;
				INFOPLIST_FILE = MonzoAPITests/Info.plist;
				LD_RUNPATH_SEARCH_PATHS = "$(inherited) @executable_path/../Frameworks @loader_path/../Frameworks";
				PRODUCT_BUNDLE_IDENTIFIER = co.rocketapps.MonzoAPITests;
				PRODUCT_NAME = "$(TARGET_NAME)";
			};
			name = Release;
		};
/* End XCBuildConfiguration section */

/* Begin XCConfigurationList section */
		655AEFD41C8E090000B12261 /* Build configuration list for PBXProject "MonzoAPI" */ = {
			isa = XCConfigurationList;
			buildConfigurations = (
				655AEFEC1C8E090000B12261 /* Debug */,
				655AEFED1C8E090000B12261 /* Release */,
			);
			defaultConfigurationIsVisible = 0;
			defaultConfigurationName = Release;
		};
		655AEFEE1C8E090000B12261 /* Build configuration list for PBXNativeTarget "MonzoAPI" */ = {
			isa = XCConfigurationList;
			buildConfigurations = (
				655AEFEF1C8E090000B12261 /* Debug */,
				655AEFF01C8E090000B12261 /* Release */,
			);
			defaultConfigurationIsVisible = 0;
			defaultConfigurationName = Release;
		};
		655AEFF11C8E090000B12261 /* Build configuration list for PBXNativeTarget "MonzoAPITests" */ = {
			isa = XCConfigurationList;
			buildConfigurations = (
				655AEFF21C8E090000B12261 /* Debug */,
				655AEFF31C8E090000B12261 /* Release */,
			);
			defaultConfigurationIsVisible = 0;
			defaultConfigurationName = Release;
		};
/* End XCConfigurationList section */
	};
	rootObject = 655AEFD11C8E090000B12261 /* Project object */;
}
